PODS:
  - KustomerChat (2.1.0)

DEPENDENCIES:
  - KustomerChat (from `https://github.com/kustomer/kustomer-ios.git`, tag `2.1.0`)

EXTERNAL SOURCES:
  KustomerChat:
    :git: https://github.com/kustomer/kustomer-ios.git
    :tag: 2.1.0

CHECKOUT OPTIONS:
  KustomerChat:
    :git: https://github.com/kustomer/kustomer-ios.git
    :tag: 2.1.0

SPEC CHECKSUMS:
  KustomerChat: aff3df03e206a7d7a2f1ffaf5a849239e3e82675

PODFILE CHECKSUM: 78a61b0124f870e64e704de02443799e0349de5f

COCOAPODS: 1.10.1
